{
  "object": {
    "pins": [
      {
        "package": "Ambassador",
        "repositoryURL": "https://github.com/envoy/Ambassador",
        "state": {
          "branch": null,
          "revision": "447cf56f692999153bd261b1775ea4a58f7f7be9",
          "version": "4.0.5"
        }
      },
      {
        "package": "Embassy",
        "repositoryURL": "https://github.com/envoy/Embassy",
        "state": {
          "branch": null,
          "revision": "1f1fe7eeebeb06037c23a2a89d6f8f1271d625be",
          "version": "4.1.2"
        }
      },
      {
        "package": "Files",
        "repositoryURL": "https://github.com/JohnSundell/Files",
        "state": {
          "branch": null,
          "revision": "d273b5b7025d386feef79ef6bad7de762e106eaf",
          "version": "4.2.0"
        }
      },
      {
        "package": "Journal",
        "repositoryURL": "https://github.com/compote-platform/Journal",
        "state": {
          "branch": null,
          "revision": "f8ffd4444c80e442ae4dba539a20a4c25a5c9be9",
          "version": "1.0.0"
        }
      },
      {
        "package": "PromiseKit",
        "repositoryURL": "https://github.com/mxcl/PromiseKit",
        "state": {
          "branch": null,
          "revision": "aea48ea1855f5d82e2dffa6027afce3aab8f3dd7",
          "version": "6.13.3"
        }
      },
      {
        "package": "Stopwatch",
        "repositoryURL": "https://github.com/compote-platform/Stopwatch",
        "state": {
          "branch": null,
          "revision": "c9a16983b75718adb8efa1104a00f0db0bdb71ab",
          "version": "1.0.0"
        }
      }
    ]
  },
  "version": 1
}
